
Microsoft Visual Studio Solution File, Format Version 12.00
# Visual Studio 15
VisualStudioVersion = 15.0.28307.438
MinimumVisualStudioVersion = 10.0.40219.1
Project("{F2A71F9B-5D33-465A-A702-920D77279786}") = "fs_wpf2", "fs_wpf2\fs_wpf2.fsproj", "{F6BF3563-9090-423E-8B40-78068C8B92E4}"
EndProject
Project("{FAE04EC0-301F-11D3-BF4B-00C04F79EFBC}") = "WpfApp1", "WpfApp1\WpfApp1.csproj", "{6B458114-7FFE-430C-8F2D-25FCCAD31F16}"
EndProject
Global
	GlobalSection(SolutionConfigurationPlatforms) = preSolution
		Debug|Any CPU = Debug|Any CPU
		Release|Any CPU = Release|Any CPU
	EndGlobalSection
	GlobalSection(ProjectConfigurationPlatforms) = postSolution
		{F6BF3563-9090-423E-8B40-78068C8B92E4}.Debug|Any CPU.ActiveCfg = Debug|Any CPU
		{F6BF3563-9090-423E-8B40-78068C8B92E4}.Debug|Any CPU.Build.0 = Debug|Any CPU
		{F6BF3563-9090-423E-8B40-78068C8B92E4}.Release|Any CPU.ActiveCfg = Release|Any CPU
		{F6BF3563-9090-423E-8B40-78068C8B92E4}.Release|Any CPU.Build.0 = Release|Any CPU
		{6B458114-7FFE-430C-8F2D-25FCCAD31F16}.Debug|Any CPU.ActiveCfg = Debug|Any CPU
		{6B458114-7FFE-430C-8F2D-25FCCAD31F16}.Debug|Any CPU.Build.0 = Debug|Any CPU
		{6B458114-7FFE-430C-8F2D-25FCCAD31F16}.Release|Any CPU.ActiveCfg = Release|Any CPU
		{6B458114-7FFE-430C-8F2D-25FCCAD31F16}.Release|Any CPU.Build.0 = Release|Any CPU
	EndGlobalSection
	GlobalSection(SolutionProperties) = preSolution
		HideSolutionNode = FALSE
	EndGlobalSection
	GlobalSection(ExtensibilityGlobals) = postSolution
		SolutionGuid = {C7B745A3-7986-448E-A166-0BB27D63CBF3}
	EndGlobalSection
EndGlobal
